
Microsoft Visual Studio Solution File, Format Version 12.00
# Visual Studio Version 17
VisualStudioVersion = 17.13.35931.197 d17.13
MinimumVisualStudioVersion = 10.0.40219.1
Project("{FAE04EC0-301F-11D3-BF4B-00C04F79EFBC}") = "WpfApp", "WpfApp\WpfApp.csproj", "{2DC2D97A-B1A0-4B2B-928B-4EA6A8C180C9}"
EndProject
Global
	GlobalSection(SolutionConfigurationPlatforms) = preSolution
		Debug|Any CPU = Debug|Any CPU
		Release|Any CPU = Release|Any CPU
	EndGlobalSection
	GlobalSection(ProjectConfigurationPlatforms) = postSolution
		{2DC2D97A-B1A0-4B2B-928B-4EA6A8C180C9}.Debug|Any CPU.ActiveCfg = Debug|Any CPU
		{2DC2D97A-B1A0-4B2B-928B-4EA6A8C180C9}.Debug|Any CPU.Build.0 = Debug|Any CPU
		{2DC2D97A-B1A0-4B2B-928B-4EA6A8C180C9}.Release|Any CPU.ActiveCfg = Release|Any CPU
		{2DC2D97A-B1A0-4B2B-928B-4EA6A8C180C9}.Release|Any CPU.Build.0 = Release|Any CPU
	EndGlobalSection
	GlobalSection(SolutionProperties) = preSolution
		HideSolutionNode = FALSE
	EndGlobalSection
	GlobalSection(ExtensibilityGlobals) = postSolution
		SolutionGuid = {640C2154-45C8-4DFA-8DCD-3AD1025D60D3}
	EndGlobalSection
EndGlobal
